
Microsoft Visual Studio Solution File, Format Version 12.00
# Visual Studio Version 16
VisualStudioVersion = 16.0.31105.61
MinimumVisualStudioVersion = 10.0.40219.1
Project("{FAE04EC0-301F-11D3-BF4B-00C04F79EFBC}") = "FileBenchmark", "FileBenchmark\FileBenchmark.csproj", "{7B0AA86F-F894-4C90-BEA7-9F52FFABBA08}"
EndProject
Project("{FAE04EC0-301F-11D3-BF4B-00C04F79EFBC}") = "Toolkit", "Toolkit\Toolkit.csproj", "{9199AD39-D789-4BF4-A1BB-CA988B6B9411}"
EndProject
Project("{FAE04EC0-301F-11D3-BF4B-00C04F79EFBC}") = "Bindings", "Bindings\Bindings.csproj", "{1A9778A1-F0D8-4CD5-A72D-E381765D3935}"
EndProject
Global
	GlobalSection(SolutionConfigurationPlatforms) = preSolution
		Debug|Any CPU = Debug|Any CPU
		Debug|ARM = Debug|ARM
		Debug|ARM64 = Debug|ARM64
		Debug|x64 = Debug|x64
		Debug|x86 = Debug|x86
		Release|Any CPU = Release|Any CPU
		Release|ARM = Release|ARM
		Release|ARM64 = Release|ARM64
		Release|x64 = Release|x64
		Release|x86 = Release|x86
	EndGlobalSection
	GlobalSection(ProjectConfigurationPlatforms) = postSolution
		{7B0AA86F-F894-4C90-BEA7-9F52FFABBA08}.Debug|Any CPU.ActiveCfg = Debug|x86
		{7B0AA86F-F894-4C90-BEA7-9F52FFABBA08}.Debug|ARM.ActiveCfg = Debug|ARM
		{7B0AA86F-F894-4C90-BEA7-9F52FFABBA08}.Debug|ARM.Build.0 = Debug|ARM
		{7B0AA86F-F894-4C90-BEA7-9F52FFABBA08}.Debug|ARM.Deploy.0 = Debug|ARM
		{7B0AA86F-F894-4C90-BEA7-9F52FFABBA08}.Debug|ARM64.ActiveCfg = Debug|ARM64
		{7B0AA86F-F894-4C90-BEA7-9F52FFABBA08}.Debug|ARM64.Build.0 = Debug|ARM64
		{7B0AA86F-F894-4C90-BEA7-9F52FFABBA08}.Debug|ARM64.Deploy.0 = Debug|ARM64
		{7B0AA86F-F894-4C90-BEA7-9F52FFABBA08}.Debug|x64.ActiveCfg = Debug|x64
		{7B0AA86F-F894-4C90-BEA7-9F52FFABBA08}.Debug|x64.Build.0 = Debug|x64
		{7B0AA86F-F894-4C90-BEA7-9F52FFABBA08}.Debug|x64.Deploy.0 = Debug|x64
		{7B0AA86F-F894-4C90-BEA7-9F52FFABBA08}.Debug|x86.ActiveCfg = Debug|x86
		{7B0AA86F-F894-4C90-BEA7-9F52FFABBA08}.Debug|x86.Build.0 = Debug|x86
		{7B0AA86F-F894-4C90-BEA7-9F52FFABBA08}.Debug|x86.Deploy.0 = Debug|x86
		{7B0AA86F-F894-4C90-BEA7-9F52FFABBA08}.Release|Any CPU.ActiveCfg = Release|x86
		{7B0AA86F-F894-4C90-BEA7-9F52FFABBA08}.Release|ARM.ActiveCfg = Release|ARM
		{7B0AA86F-F894-4C90-BEA7-9F52FFABBA08}.Release|ARM.Build.0 = Release|ARM
		{7B0AA86F-F894-4C90-BEA7-9F52FFABBA08}.Release|ARM.Deploy.0 = Release|ARM
		{7B0AA86F-F894-4C90-BEA7-9F52FFABBA08}.Release|ARM64.ActiveCfg = Release|ARM64
		{7B0AA86F-F894-4C90-BEA7-9F52FFABBA08}.Release|ARM64.Build.0 = Release|ARM64
		{7B0AA86F-F894-4C90-BEA7-9F52FFABBA08}.Release|ARM64.Deploy.0 = Release|ARM64
		{7B0AA86F-F894-4C90-BEA7-9F52FFABBA08}.Release|x64.ActiveCfg = Release|x64
		{7B0AA86F-F894-4C90-BEA7-9F52FFABBA08}.Release|x64.Build.0 = Release|x64
		{7B0AA86F-F894-4C90-BEA7-9F52FFABBA08}.Release|x64.Deploy.0 = Release|x64
		{7B0AA86F-F894-4C90-BEA7-9F52FFABBA08}.Release|x86.ActiveCfg = Release|x86
		{7B0AA86F-F894-4C90-BEA7-9F52FFABBA08}.Release|x86.Build.0 = Release|x86
		{7B0AA86F-F894-4C90-BEA7-9F52FFABBA08}.Release|x86.Deploy.0 = Release|x86
		{9199AD39-D789-4BF4-A1BB-CA988B6B9411}.Debug|Any CPU.ActiveCfg = Debug|Any CPU
		{9199AD39-D789-4BF4-A1BB-CA988B6B9411}.Debug|Any CPU.Build.0 = Debug|Any CPU
		{9199AD39-D789-4BF4-A1BB-CA988B6B9411}.Debug|ARM.ActiveCfg = Debug|ARM
		{9199AD39-D789-4BF4-A1BB-CA988B6B9411}.Debug|ARM.Build.0 = Debug|ARM
		{9199AD39-D789-4BF4-A1BB-CA988B6B9411}.Debug|ARM64.ActiveCfg = Debug|ARM64
		{9199AD39-D789-4BF4-A1BB-CA988B6B9411}.Debug|ARM64.Build.0 = Debug|ARM64
		{9199AD39-D789-4BF4-A1BB-CA988B6B9411}.Debug|x64.ActiveCfg = Debug|x64
		{9199AD39-D789-4BF4-A1BB-CA988B6B9411}.Debug|x64.Build.0 = Debug|x64
		{9199AD39-D789-4BF4-A1BB-CA988B6B9411}.Debug|x86.ActiveCfg = Debug|x86
		{9199AD39-D789-4BF4-A1BB-CA988B6B9411}.Debug|x86.Build.0 = Debug|x86
		{9199AD39-D789-4BF4-A1BB-CA988B6B9411}.Release|Any CPU.ActiveCfg = Release|Any CPU
		{9199AD39-D789-4BF4-A1BB-CA988B6B9411}.Release|Any CPU.Build.0 = Release|Any CPU
		{9199AD39-D789-4BF4-A1BB-CA988B6B9411}.Release|ARM.ActiveCfg = Release|ARM
		{9199AD39-D789-4BF4-A1BB-CA988B6B9411}.Release|ARM.Build.0 = Release|ARM
		{9199AD39-D789-4BF4-A1BB-CA988B6B9411}.Release|ARM64.ActiveCfg = Release|ARM64
		{9199AD39-D789-4BF4-A1BB-CA988B6B9411}.Release|ARM64.Build.0 = Release|ARM64
		{9199AD39-D789-4BF4-A1BB-CA988B6B9411}.Release|x64.ActiveCfg = Release|x64
		{9199AD39-D789-4BF4-A1BB-CA988B6B9411}.Release|x64.Build.0 = Release|x64
		{9199AD39-D789-4BF4-A1BB-CA988B6B9411}.Release|x86.ActiveCfg = Release|x86
		{9199AD39-D789-4BF4-A1BB-CA988B6B9411}.Release|x86.Build.0 = Release|x86
		{1A9778A1-F0D8-4CD5-A72D-E381765D3935}.Debug|Any CPU.ActiveCfg = Debug|x86
		{1A9778A1-F0D8-4CD5-A72D-E381765D3935}.Debug|ARM.ActiveCfg = Debug|ARM
		{1A9778A1-F0D8-4CD5-A72D-E381765D3935}.Debug|ARM.Build.0 = Debug|ARM
		{1A9778A1-F0D8-4CD5-A72D-E381765D3935}.Debug|ARM.Deploy.0 = Debug|ARM
		{1A9778A1-F0D8-4CD5-A72D-E381765D3935}.Debug|ARM64.ActiveCfg = Debug|ARM64
		{1A9778A1-F0D8-4CD5-A72D-E381765D3935}.Debug|ARM64.Build.0 = Debug|ARM64
		{1A9778A1-F0D8-4CD5-A72D-E381765D3935}.Debug|ARM64.Deploy.0 = Debug|ARM64
		{1A9778A1-F0D8-4CD5-A72D-E381765D3935}.Debug|x64.ActiveCfg = Debug|x64
		{1A9778A1-F0D8-4CD5-A72D-E381765D3935}.Debug|x64.Build.0 = Debug|x64
		{1A9778A1-F0D8-4CD5-A72D-E381765D3935}.Debug|x64.Deploy.0 = Debug|x64
		{1A9778A1-F0D8-4CD5-A72D-E381765D3935}.Debug|x86.ActiveCfg = Debug|x86
		{1A9778A1-F0D8-4CD5-A72D-E381765D3935}.Debug|x86.Build.0 = Debug|x86
		{1A9778A1-F0D8-4CD5-A72D-E381765D3935}.Debug|x86.Deploy.0 = Debug|x86
		{1A9778A1-F0D8-4CD5-A72D-E381765D3935}.Release|Any CPU.ActiveCfg = Release|x86
		{1A9778A1-F0D8-4CD5-A72D-E381765D3935}.Release|ARM.ActiveCfg = Release|ARM
		{1A9778A1-F0D8-4CD5-A72D-E381765D3935}.Release|ARM.Build.0 = Release|ARM
		{1A9778A1-F0D8-4CD5-A72D-E381765D3935}.Release|ARM.Deploy.0 = Release|ARM
		{1A9778A1-F0D8-4CD5-A72D-E381765D3935}.Release|ARM64.ActiveCfg = Release|ARM64
		{1A9778A1-F0D8-4CD5-A72D-E381765D3935}.Release|ARM64.Build.0 = Release|ARM64
		{1A9778A1-F0D8-4CD5-A72D-E381765D3935}.Release|ARM64.Deploy.0 = Release|ARM64
		{1A9778A1-F0D8-4CD5-A72D-E381765D3935}.Release|x64.ActiveCfg = Release|x64
		{1A9778A1-F0D8-4CD5-A72D-E381765D3935}.Release|x64.Build.0 = Release|x64
		{1A9778A1-F0D8-4CD5-A72D-E381765D3935}.Release|x64.Deploy.0 = Release|x64
		{1A9778A1-F0D8-4CD5-A72D-E381765D3935}.Release|x86.ActiveCfg = Release|x86
		{1A9778A1-F0D8-4CD5-A72D-E381765D3935}.Release|x86.Build.0 = Release|x86
		{1A9778A1-F0D8-4CD5-A72D-E381765D3935}.Release|x86.Deploy.0 = Release|x86
	EndGlobalSection
	GlobalSection(SolutionProperties) = preSolution
		HideSolutionNode = FALSE
	EndGlobalSection
	GlobalSection(ExtensibilityGlobals) = postSolution
		SolutionGuid = {B48F6758-D672-4EA4-A5FA-99A64E51D347}
	EndGlobalSection
EndGlobal
